// !$*UTF8*$!
{
	archiveVersion = 1;
	classes = {
	};
	objectVersion = 46;
	objects = {

/* Begin PBXBuildFile section */
		1D0E2D4B99F8378308BDA9BA /* libPods-LFAttribute.a in Frameworks */ = {isa = PBXBuildFile; fileRef = F1F3DD5F913FD399E6B1A34D /* libPods-LFAttribute.a */; };
		A2C0A1A31E7A6DFC0038798A /* LFBaseViewController.m in Sources */ = {isa = PBXBuildFile; fileRef = A2C0A19E1E7A6DFC0038798A /* LFBaseViewController.m */; };
		A2C0A1AA1E7A6E7B0038798A /* LFViewController2.m in Sources */ = {isa = PBXBuildFile; fileRef = A2C0A1A71E7A6E7B0038798A /* LFViewController2.m */; };
		A2C0A1B01E7A6EA00038798A /* LFViewController1.m in Sources */ = {isa = PBXBuildFile; fileRef = A2C0A1AD1E7A6EA00038798A /* LFViewController1.m */; };
		A2C0A1B61E7A6FED0038798A /* LFTabOneNC.m in Sources */ = {isa = PBXBuildFile; fileRef = A2C0A1B51E7A6FED0038798A /* LFTabOneNC.m */; };
		A2C0A1B91E7A70010038798A /* LFTabTwoNC.m in Sources */ = {isa = PBXBuildFile; fileRef = A2C0A1B81E7A70010038798A /* LFTabTwoNC.m */; };
		A2C0A1BC1E7A70140038798A /* LFTabThreeNC.m in Sources */ = {isa = PBXBuildFile; fileRef = A2C0A1BB1E7A70140038798A /* LFTabThreeNC.m */; };
		A2C0A1BF1E7A7A980038798A /* GlobalConstant.m in Sources */ = {isa = PBXBuildFile; fileRef = A2C0A1BE1E7A7A980038798A /* GlobalConstant.m */; };
		A2C0A1C21E7A7F630038798A /* LFTabOneCell.m in Sources */ = {isa = PBXBuildFile; fileRef = A2C0A1C11E7A7F630038798A /* LFTabOneCell.m */; };
		E85F759E1E6128A000D586F6 /* Assets.xcassets in Resources */ = {isa = PBXBuildFile; fileRef = E85F759D1E6128A000D586F6 /* Assets.xcassets */; };
		E85F75F61E6A69F700D586F6 /* AppDelegate.m in Sources */ = {isa = PBXBuildFile; fileRef = E85F75E91E6A69F700D586F6 /* AppDelegate.m */; };
		E85F75FE1E6A702C00D586F6 /* LFTabBarViewController.m in Sources */ = {isa = PBXBuildFile; fileRef = E85F75FD1E6A702C00D586F6 /* LFTabBarViewController.m */; };
		E85F76061E6A96E500D586F6 /* AttributteStringVC.m in Sources */ = {isa = PBXBuildFile; fileRef = E85F76011E6A96E500D586F6 /* AttributteStringVC.m */; };
		E85F76071E6A96E500D586F6 /* LFAttributteNVC.m in Sources */ = {isa = PBXBuildFile; fileRef = E85F76031E6A96E500D586F6 /* LFAttributteNVC.m */; };
		E85F76081E6A96E500D586F6 /* ViewController.m in Sources */ = {isa = PBXBuildFile; fileRef = E85F76051E6A96E500D586F6 /* ViewController.m */; };
		E85F76B41E78146200D586F6 /* LFNavigationController.m in Sources */ = {isa = PBXBuildFile; fileRef = E85F76B31E78146200D586F6 /* LFNavigationController.m */; };
		E85F77271E783BCC00D586F6 /* NSCalendar+Init.m in Sources */ = {isa = PBXBuildFile; fileRef = E85F77141E783BCC00D586F6 /* NSCalendar+Init.m */; };
		E85F77281E783BCC00D586F6 /* NSDate+Interval.m in Sources */ = {isa = PBXBuildFile; fileRef = E85F77161E783BCC00D586F6 /* NSDate+Interval.m */; };
		E85F77291E783BCC00D586F6 /* NSObject+FileManager.m in Sources */ = {isa = PBXBuildFile; fileRef = E85F77181E783BCC00D586F6 /* NSObject+FileManager.m */; };
		E85F772A1E783BCC00D586F6 /* UIBarButtonItem+Item.m in Sources */ = {isa = PBXBuildFile; fileRef = E85F771A1E783BCC00D586F6 /* UIBarButtonItem+Item.m */; };
		E85F772B1E783BCC00D586F6 /* UIImage+Antialias.m in Sources */ = {isa = PBXBuildFile; fileRef = E85F771C1E783BCC00D586F6 /* UIImage+Antialias.m */; };
		E85F772C1E783BCC00D586F6 /* UIImage+Image.m in Sources */ = {isa = PBXBuildFile; fileRef = E85F771E1E783BCC00D586F6 /* UIImage+Image.m */; };
		E85F772D1E783BCC00D586F6 /* UIImageView+Header.m in Sources */ = {isa = PBXBuildFile; fileRef = E85F77201E783BCC00D586F6 /* UIImageView+Header.m */; };
		E85F772E1E783BCC00D586F6 /* UITextField+Placeholder.m in Sources */ = {isa = PBXBuildFile; fileRef = E85F77221E783BCC00D586F6 /* UITextField+Placeholder.m */; };
		E85F772F1E783BCC00D586F6 /* UIView+Frame.m in Sources */ = {isa = PBXBuildFile; fileRef = E85F77241E783BCC00D586F6 /* UIView+Frame.m */; };
		E85F77301E783BCC00D586F6 /* UIView+Init.m in Sources */ = {isa = PBXBuildFile; fileRef = E85F77261E783BCC00D586F6 /* UIView+Init.m */; };
		E85F77361E79880E00D586F6 /* 120x120.png in Resources */ = {isa = PBXBuildFile; fileRef = E85F77341E79880E00D586F6 /* 120x120.png */; };
		E85F77371E79880E00D586F6 /* bitch.jpeg in Resources */ = {isa = PBXBuildFile; fileRef = E85F77351E79880E00D586F6 /* bitch.jpeg */; };
		E85F773A1E79882C00D586F6 /* LaunchScreen.storyboard in Resources */ = {isa = PBXBuildFile; fileRef = E85F77381E79882C00D586F6 /* LaunchScreen.storyboard */; };
		E85F773C1E79886600D586F6 /* Info.plist in Resources */ = {isa = PBXBuildFile; fileRef = E85F773B1E79886600D586F6 /* Info.plist */; };
		E85F773E1E7988B000D586F6 /* main.m in Sources */ = {isa = PBXBuildFile; fileRef = E85F773D1E7988B000D586F6 /* main.m */; };
/* End PBXBuildFile section */

/* Begin PBXFileReference section */
		57C3300E0DDD2D724899F34B /* Pods-LFAttribute.debug.xcconfig */ = {isa = PBXFileReference; includeInIndex = 1; lastKnownFileType = text.xcconfig; name = "Pods-LFAttribute.debug.xcconfig"; path = "Pods/Target Support Files/Pods-LFAttribute/Pods-LFAttribute.debug.xcconfig"; sourceTree = "<group>"; };
		A2C0A19D1E7A6DFC0038798A /* LFBaseViewController.h */ = {isa = PBXFileReference; fileEncoding = 4; lastKnownFileType = sourcecode.c.h; path = LFBaseViewController.h; sourceTree = "<group>"; };
		A2C0A19E1E7A6DFC0038798A /* LFBaseViewController.m */ = {isa = PBXFileReference; fileEncoding = 4; lastKnownFileType = sourcecode.c.objc; path = LFBaseViewController.m; sourceTree = "<group>"; };
		A2C0A1A61E7A6E7B0038798A /* LFViewController2.h */ = {isa = PBXFileReference; fileEncoding = 4; lastKnownFileType = sourcecode.c.h; path = LFViewController2.h; sourceTree = "<group>"; };
		A2C0A1A71E7A6E7B0038798A /* LFViewController2.m */ = {isa = PBXFileReference; fileEncoding = 4; lastKnownFileType = sourcecode.c.objc; path = LFViewController2.m; sourceTree = "<group>"; };
		A2C0A1AC1E7A6EA00038798A /* LFViewController1.h */ = {isa = PBXFileReference; fileEncoding = 4; lastKnownFileType = sourcecode.c.h; path = LFViewController1.h; sourceTree = "<group>"; };
		A2C0A1AD1E7A6EA00038798A /* LFViewController1.m */ = {isa = PBXFileReference; fileEncoding = 4; lastKnownFileType = sourcecode.c.objc; path = LFViewController1.m; sourceTree = "<group>"; };
		A2C0A1B41E7A6FED0038798A /* LFTabOneNC.h */ = {isa = PBXFileReference; fileEncoding = 4; lastKnownFileType = sourcecode.c.h; path = LFTabOneNC.h; sourceTree = "<group>"; };
		A2C0A1B51E7A6FED0038798A /* LFTabOneNC.m */ = {isa = PBXFileReference; fileEncoding = 4; lastKnownFileType = sourcecode.c.objc; path = LFTabOneNC.m; sourceTree = "<group>"; };
		A2C0A1B71E7A70010038798A /* LFTabTwoNC.h */ = {isa = PBXFileReference; fileEncoding = 4; lastKnownFileType = sourcecode.c.h; path = LFTabTwoNC.h; sourceTree = "<group>"; };
		A2C0A1B81E7A70010038798A /* LFTabTwoNC.m */ = {isa = PBXFileReference; fileEncoding = 4; lastKnownFileType = sourcecode.c.objc; path = LFTabTwoNC.m; sourceTree = "<group>"; };
		A2C0A1BA1E7A70140038798A /* LFTabThreeNC.h */ = {isa = PBXFileReference; fileEncoding = 4; lastKnownFileType = sourcecode.c.h; path = LFTabThreeNC.h; sourceTree = "<group>"; };
		A2C0A1BB1E7A70140038798A /* LFTabThreeNC.m */ = {isa = PBXFileReference; fileEncoding = 4; lastKnownFileType = sourcecode.c.objc; path = LFTabThreeNC.m; sourceTree = "<group>"; };
		A2C0A1BD1E7A7A980038798A /* GlobalConstant.h */ = {isa = PBXFileReference; fileEncoding = 4; lastKnownFileType = sourcecode.c.h; path = GlobalConstant.h; sourceTree = "<group>"; };
		A2C0A1BE1E7A7A980038798A /* GlobalConstant.m */ = {isa = PBXFileReference; fileEncoding = 4; lastKnownFileType = sourcecode.c.objc; path = GlobalConstant.m; sourceTree = "<group>"; };
		A2C0A1C01E7A7F630038798A /* LFTabOneCell.h */ = {isa = PBXFileReference; fileEncoding = 4; lastKnownFileType = sourcecode.c.h; path = LFTabOneCell.h; sourceTree = "<group>"; };
		A2C0A1C11E7A7F630038798A /* LFTabOneCell.m */ = {isa = PBXFileReference; fileEncoding = 4; lastKnownFileType = sourcecode.c.objc; path = LFTabOneCell.m; sourceTree = "<group>"; };
		A3446F361A76E2DD16305C7D /* Pods-LFAttribute.release.xcconfig */ = {isa = PBXFileReference; includeInIndex = 1; lastKnownFileType = text.xcconfig; name = "Pods-LFAttribute.release.xcconfig"; path = "Pods/Target Support Files/Pods-LFAttribute/Pods-LFAttribute.release.xcconfig"; sourceTree = "<group>"; };
		E85F758E1E6128A000D586F6 /* LFAttribute.app */ = {isa = PBXFileReference; explicitFileType = wrapper.application; includeInIndex = 0; path = LFAttribute.app; sourceTree = BUILT_PRODUCTS_DIR; };
		E85F759D1E6128A000D586F6 /* Assets.xcassets */ = {isa = PBXFileReference; lastKnownFileType = folder.assetcatalog; path = Assets.xcassets; sourceTree = "<group>"; };
		E85F75E81E6A69F700D586F6 /* AppDelegate.h */ = {isa = PBXFileReference; fileEncoding = 4; lastKnownFileType = sourcecode.c.h; path = AppDelegate.h; sourceTree = "<group>"; };
		E85F75E91E6A69F700D586F6 /* AppDelegate.m */ = {isa = PBXFileReference; fileEncoding = 4; lastKnownFileType = sourcecode.c.objc; path = AppDelegate.m; sourceTree = "<group>"; };
		E85F75EB1E6A69F700D586F6 /* FontFamily(iOS所有字体).h */ = {isa = PBXFileReference; fileEncoding = 4; lastKnownFileType = sourcecode.c.h; path = "FontFamily(iOS所有字体).h"; sourceTree = "<group>"; };
		E85F75EC1E6A69F700D586F6 /* FontFamily(iOS所有字体).m */ = {isa = PBXFileReference; fileEncoding = 4; lastKnownFileType = sourcecode.c.objc; path = "FontFamily(iOS所有字体).m"; sourceTree = "<group>"; };
		E85F75ED1E6A69F700D586F6 /* Macro.h */ = {isa = PBXFileReference; fileEncoding = 4; lastKnownFileType = sourcecode.c.h; path = Macro.h; sourceTree = "<group>"; };
		E85F75EE1E6A69F700D586F6 /* Macro.m */ = {isa = PBXFileReference; fileEncoding = 4; lastKnownFileType = sourcecode.c.objc; path = Macro.m; sourceTree = "<group>"; };
		E85F75FB1E6A6A4A00D586F6 /* PrefixHeader.pch */ = {isa = PBXFileReference; lastKnownFileType = sourcecode.c.h; path = PrefixHeader.pch; sourceTree = "<group>"; };
		E85F75FC1E6A702C00D586F6 /* LFTabBarViewController.h */ = {isa = PBXFileReference; fileEncoding = 4; lastKnownFileType = sourcecode.c.h; path = LFTabBarViewController.h; sourceTree = "<group>"; };
		E85F75FD1E6A702C00D586F6 /* LFTabBarViewController.m */ = {isa = PBXFileReference; fileEncoding = 4; lastKnownFileType = sourcecode.c.objc; path = LFTabBarViewController.m; sourceTree = "<group>"; };
		E85F76001E6A96E500D586F6 /* AttributteStringVC.h */ = {isa = PBXFileReference; fileEncoding = 4; lastKnownFileType = sourcecode.c.h; path = AttributteStringVC.h; sourceTree = "<group>"; };
		E85F76011E6A96E500D586F6 /* AttributteStringVC.m */ = {isa = PBXFileReference; fileEncoding = 4; lastKnownFileType = sourcecode.c.objc; path = AttributteStringVC.m; sourceTree = "<group>"; };
		E85F76021E6A96E500D586F6 /* LFAttributteNVC.h */ = {isa = PBXFileReference; fileEncoding = 4; lastKnownFileType = sourcecode.c.h; path = LFAttributteNVC.h; sourceTree = "<group>"; };
		E85F76031E6A96E500D586F6 /* LFAttributteNVC.m */ = {isa = PBXFileReference; fileEncoding = 4; lastKnownFileType = sourcecode.c.objc; path = LFAttributteNVC.m; sourceTree = "<group>"; };
		E85F76041E6A96E500D586F6 /* ViewController.h */ = {isa = PBXFileReference; fileEncoding = 4; lastKnownFileType = sourcecode.c.h; path = ViewController.h; sourceTree = "<group>"; };
		E85F76051E6A96E500D586F6 /* ViewController.m */ = {isa = PBXFileReference; fileEncoding = 4; lastKnownFileType = sourcecode.c.objc; path = ViewController.m; sourceTree = "<group>"; };
		E85F76091E6A98D400D586F6 /* TabBarController.h */ = {isa = PBXFileReference; lastKnownFileType = sourcecode.c.h; path = TabBarController.h; sourceTree = "<group>"; };
		E85F760A1E6A98D400D586F6 /* TabBarController.m */ = {isa = PBXFileReference; lastKnownFileType = sourcecode.c.objc; path = TabBarController.m; sourceTree = "<group>"; };
		E85F76B21E78146200D586F6 /* LFNavigationController.h */ = {isa = PBXFileReference; fileEncoding = 4; lastKnownFileType = sourcecode.c.h; path = LFNavigationController.h; sourceTree = "<group>"; };
		E85F76B31E78146200D586F6 /* LFNavigationController.m */ = {isa = PBXFileReference; fileEncoding = 4; lastKnownFileType = sourcecode.c.objc; path = LFNavigationController.m; sourceTree = "<group>"; };
		E85F77131E783BCC00D586F6 /* NSCalendar+Init.h */ = {isa = PBXFileReference; fileEncoding = 4; lastKnownFileType = sourcecode.c.h; path = "NSCalendar+Init.h"; sourceTree = "<group>"; };
		E85F77141E783BCC00D586F6 /* NSCalendar+Init.m */ = {isa = PBXFileReference; fileEncoding = 4; lastKnownFileType = sourcecode.c.objc; path = "NSCalendar+Init.m"; sourceTree = "<group>"; };
		E85F77151E783BCC00D586F6 /* NSDate+Interval.h */ = {isa = PBXFileReference; fileEncoding = 4; lastKnownFileType = sourcecode.c.h; path = "NSDate+Interval.h"; sourceTree = "<group>"; };
		E85F77161E783BCC00D586F6 /* NSDate+Interval.m */ = {isa = PBXFileReference; fileEncoding = 4; lastKnownFileType = sourcecode.c.objc; path = "NSDate+Interval.m"; sourceTree = "<group>"; };
		E85F77171E783BCC00D586F6 /* NSObject+FileManager.h */ = {isa = PBXFileReference; fileEncoding = 4; lastKnownFileType = sourcecode.c.h; path = "NSObject+FileManager.h"; sourceTree = "<group>"; };
		E85F77181E783BCC00D586F6 /* NSObject+FileManager.m */ = {isa = PBXFileReference; fileEncoding = 4; lastKnownFileType = sourcecode.c.objc; path = "NSObject+FileManager.m"; sourceTree = "<group>"; };
		E85F77191E783BCC00D586F6 /* UIBarButtonItem+Item.h */ = {isa = PBXFileReference; fileEncoding = 4; lastKnownFileType = sourcecode.c.h; path = "UIBarButtonItem+Item.h"; sourceTree = "<group>"; };
		E85F771A1E783BCC00D586F6 /* UIBarButtonItem+Item.m */ = {isa = PBXFileReference; fileEncoding = 4; lastKnownFileType = sourcecode.c.objc; path = "UIBarButtonItem+Item.m"; sourceTree = "<group>"; };
		E85F771B1E783BCC00D586F6 /* UIImage+Antialias.h */ = {isa = PBXFileReference; fileEncoding = 4; lastKnownFileType = sourcecode.c.h; path = "UIImage+Antialias.h"; sourceTree = "<group>"; };
		E85F771C1E783BCC00D586F6 /* UIImage+Antialias.m */ = {isa = PBXFileReference; fileEncoding = 4; lastKnownFileType = sourcecode.c.objc; path = "UIImage+Antialias.m"; sourceTree = "<group>"; };
		E85F771D1E783BCC00D586F6 /* UIImage+Image.h */ = {isa = PBXFileReference; fileEncoding = 4; lastKnownFileType = sourcecode.c.h; path = "UIImage+Image.h"; sourceTree = "<group>"; };
		E85F771E1E783BCC00D586F6 /* UIImage+Image.m */ = {isa = PBXFileReference; fileEncoding = 4; lastKnownFileType = sourcecode.c.objc; path = "UIImage+Image.m"; sourceTree = "<group>"; };
		E85F771F1E783BCC00D586F6 /* UIImageView+Header.h */ = {isa = PBXFileReference; fileEncoding = 4; lastKnownFileType = sourcecode.c.h; path = "UIImageView+Header.h"; sourceTree = "<group>"; };
		E85F77201E783BCC00D586F6 /* UIImageView+Header.m */ = {isa = PBXFileReference; fileEncoding = 4; lastKnownFileType = sourcecode.c.objc; path = "UIImageView+Header.m"; sourceTree = "<group>"; };
		E85F77211E783BCC00D586F6 /* UITextField+Placeholder.h */ = {isa = PBXFileReference; fileEncoding = 4; lastKnownFileType = sourcecode.c.h; path = "UITextField+Placeholder.h"; sourceTree = "<group>"; };
		E85F77221E783BCC00D586F6 /* UITextField+Placeholder.m */ = {isa = PBXFileReference; fileEncoding = 4; lastKnownFileType = sourcecode.c.objc; path = "UITextField+Placeholder.m"; sourceTree = "<group>"; };
		E85F77231E783BCC00D586F6 /* UIView+Frame.h */ = {isa = PBXFileReference; fileEncoding = 4; lastKnownFileType = sourcecode.c.h; path = "UIView+Frame.h"; sourceTree = "<group>"; };
		E85F77241E783BCC00D586F6 /* UIView+Frame.m */ = {isa = PBXFileReference; fileEncoding = 4; lastKnownFileType = sourcecode.c.objc; path = "UIView+Frame.m"; sourceTree = "<group>"; };
		E85F77251E783BCC00D586F6 /* UIView+Init.h */ = {isa = PBXFileReference; fileEncoding = 4; lastKnownFileType = sourcecode.c.h; path = "UIView+Init.h"; sourceTree = "<group>"; };
		E85F77261E783BCC00D586F6 /* UIView+Init.m */ = {isa = PBXFileReference; fileEncoding = 4; lastKnownFileType = sourcecode.c.objc; path = "UIView+Init.m"; sourceTree = "<group>"; };
		E85F77341E79880E00D586F6 /* 120x120.png */ = {isa = PBXFileReference; lastKnownFileType = image.png; path = 120x120.png; sourceTree = "<group>"; };
		E85F77351E79880E00D586F6 /* bitch.jpeg */ = {isa = PBXFileReference; lastKnownFileType = image.jpeg; path = bitch.jpeg; sourceTree = "<group>"; };
		E85F77391E79882C00D586F6 /* Base */ = {isa = PBXFileReference; lastKnownFileType = file.storyboard; name = Base; path = Base.lproj/LaunchScreen.storyboard; sourceTree = "<group>"; };
		E85F773B1E79886600D586F6 /* Info.plist */ = {isa = PBXFileReference; fileEncoding = 4; lastKnownFileType = text.plist.xml; path = Info.plist; sourceTree = "<group>"; };
		E85F773D1E7988B000D586F6 /* main.m */ = {isa = PBXFileReference; fileEncoding = 4; lastKnownFileType = sourcecode.c.objc; path = main.m; sourceTree = "<group>"; };
		F1F3DD5F913FD399E6B1A34D /* libPods-LFAttribute.a */ = {isa = PBXFileReference; explicitFileType = archive.ar; includeInIndex = 0; path = "libPods-LFAttribute.a"; sourceTree = BUILT_PRODUCTS_DIR; };
/* End PBXFileReference section */

/* Begin PBXFrameworksBuildPhase section */
		E85F758B1E6128A000D586F6 /* Frameworks */ = {
			isa = PBXFrameworksBuildPhase;
			buildActionMask = 2147483647;
			files = (
				1D0E2D4B99F8378308BDA9BA /* libPods-LFAttribute.a in Frameworks */,
			);
			runOnlyForDeploymentPostprocessing = 0;
		};
/* End PBXFrameworksBuildPhase section */

/* Begin PBXGroup section */
		A1F1248B8053F3586A71073F /* Pods */ = {
			isa = PBXGroup;
			children = (
				57C3300E0DDD2D724899F34B /* Pods-LFAttribute.debug.xcconfig */,
				A3446F361A76E2DD16305C7D /* Pods-LFAttribute.release.xcconfig */,
			);
			name = Pods;
			sourceTree = "<group>";
		};
		A2C0A1951E7A6DFC0038798A /* Tab1 */ = {
			isa = PBXGroup;
			children = (
				A2C0A1AB1E7A6EA00038798A /* C */,
				A2C0A1AE1E7A6EA00038798A /* M */,
				A2C0A1AF1E7A6EA00038798A /* V */,
			);
			path = Tab1;
			sourceTree = "<group>";
		};
		A2C0A1981E7A6DFC0038798A /* Tab2 */ = {
			isa = PBXGroup;
			children = (
				A2C0A1A51E7A6E7B0038798A /* C */,
				A2C0A1A81E7A6E7B0038798A /* M */,
				A2C0A1A91E7A6E7B0038798A /* V */,
			);
			path = Tab2;
			sourceTree = "<group>";
		};
		A2C0A19B1E7A6DFC0038798A /* Tab3 */ = {
			isa = PBXGroup;
			children = (
				A2C0A1B11E7A6EB30038798A /* C */,
				A2C0A1B21E7A6EB30038798A /* M */,
				A2C0A1B31E7A6EB30038798A /* V */,
			);
			path = Tab3;
			sourceTree = "<group>";
		};
		A2C0A19C1E7A6DFC0038798A /* TabBase */ = {
			isa = PBXGroup;
			children = (
				A2C0A19D1E7A6DFC0038798A /* LFBaseViewController.h */,
				A2C0A19E1E7A6DFC0038798A /* LFBaseViewController.m */,
			);
			path = TabBase;
			sourceTree = "<group>";
		};
		A2C0A1A51E7A6E7B0038798A /* C */ = {
			isa = PBXGroup;
			children = (
				A2C0A1A61E7A6E7B0038798A /* LFViewController2.h */,
				A2C0A1A71E7A6E7B0038798A /* LFViewController2.m */,
			);
			path = C;
			sourceTree = "<group>";
		};
		A2C0A1A81E7A6E7B0038798A /* M */ = {
			isa = PBXGroup;
			children = (
			);
			path = M;
			sourceTree = "<group>";
		};
		A2C0A1A91E7A6E7B0038798A /* V */ = {
			isa = PBXGroup;
			children = (
				A2C0A1C01E7A7F630038798A /* LFTabOneCell.h */,
				A2C0A1C11E7A7F630038798A /* LFTabOneCell.m */,
			);
			path = V;
			sourceTree = "<group>";
		};
		A2C0A1AB1E7A6EA00038798A /* C */ = {
			isa = PBXGroup;
			children = (
				A2C0A1AC1E7A6EA00038798A /* LFViewController1.h */,
				A2C0A1AD1E7A6EA00038798A /* LFViewController1.m */,
			);
			path = C;
			sourceTree = "<group>";
		};
		A2C0A1AE1E7A6EA00038798A /* M */ = {
			isa = PBXGroup;
			children = (
			);
			path = M;
			sourceTree = "<group>";
		};
		A2C0A1AF1E7A6EA00038798A /* V */ = {
			isa = PBXGroup;
			children = (
			);
			path = V;
			sourceTree = "<group>";
		};
		A2C0A1B11E7A6EB30038798A /* C */ = {
			isa = PBXGroup;
			children = (
			);
			path = C;
			sourceTree = "<group>";
		};
		A2C0A1B21E7A6EB30038798A /* M */ = {
			isa = PBXGroup;
			children = (
			);
			path = M;
			sourceTree = "<group>";
		};
		A2C0A1B31E7A6EB30038798A /* V */ = {
			isa = PBXGroup;
			children = (
			);
			path = V;
			sourceTree = "<group>";
		};
		A7B0B6E910155C6F7E16023F /* Frameworks */ = {
			isa = PBXGroup;
			children = (
				F1F3DD5F913FD399E6B1A34D /* libPods-LFAttribute.a */,
			);
			name = Frameworks;
			sourceTree = "<group>";
		};
		E85F75851E6128A000D586F6 = {
			isa = PBXGroup;
			children = (
				E85F75901E6128A000D586F6 /* LFAttribute */,
				E85F758F1E6128A000D586F6 /* Products */,
				A1F1248B8053F3586A71073F /* Pods */,
				A7B0B6E910155C6F7E16023F /* Frameworks */,
			);
			sourceTree = "<group>";
		};
		E85F758F1E6128A000D586F6 /* Products */ = {
			isa = PBXGroup;
			children = (
				E85F758E1E6128A000D586F6 /* LFAttribute.app */,
			);
			name = Products;
			sourceTree = "<group>";
		};
		E85F75901E6128A000D586F6 /* LFAttribute */ = {
			isa = PBXGroup;
			children = (
				E85F75DE1E6A69F700D586F6 /* Classes */,
				E85F75FB1E6A6A4A00D586F6 /* PrefixHeader.pch */,
				E85F773B1E79886600D586F6 /* Info.plist */,
				E85F759D1E6128A000D586F6 /* Assets.xcassets */,
				E85F77381E79882C00D586F6 /* LaunchScreen.storyboard */,
				E85F77311E7987B600D586F6 /* Supporting Files */,
			);
			path = LFAttribute;
			sourceTree = "<group>";
		};
		E85F75DE1E6A69F700D586F6 /* Classes */ = {
			isa = PBXGroup;
			children = (
				E85F75FF1E6A96E500D586F6 /* AttributVC */,
				A2C0A19C1E7A6DFC0038798A /* TabBase */,
				A2C0A1951E7A6DFC0038798A /* Tab1 */,
				A2C0A1981E7A6DFC0038798A /* Tab2 */,
				A2C0A19B1E7A6DFC0038798A /* Tab3 */,
				E85F75E61E6A69F700D586F6 /* Main */,
				E85F75E71E6A69F700D586F6 /* Other */,
			);
			path = Classes;
			sourceTree = "<group>";
		};
		E85F75E61E6A69F700D586F6 /* Main */ = {
			isa = PBXGroup;
			children = (
				E85F75FC1E6A702C00D586F6 /* LFTabBarViewController.h */,
				E85F75FD1E6A702C00D586F6 /* LFTabBarViewController.m */,
				A2C0A1B41E7A6FED0038798A /* LFTabOneNC.h */,
				A2C0A1B51E7A6FED0038798A /* LFTabOneNC.m */,
				A2C0A1B71E7A70010038798A /* LFTabTwoNC.h */,
				A2C0A1B81E7A70010038798A /* LFTabTwoNC.m */,
				A2C0A1BA1E7A70140038798A /* LFTabThreeNC.h */,
				A2C0A1BB1E7A70140038798A /* LFTabThreeNC.m */,
				E85F76B21E78146200D586F6 /* LFNavigationController.h */,
				E85F76B31E78146200D586F6 /* LFNavigationController.m */,
				E85F76091E6A98D400D586F6 /* TabBarController.h */,
				E85F760A1E6A98D400D586F6 /* TabBarController.m */,
			);
			path = Main;
			sourceTree = "<group>";
		};
		E85F75E71E6A69F700D586F6 /* Other */ = {
			isa = PBXGroup;
			children = (
				E85F77121E783BBB00D586F6 /* Category */,
				E85F75E81E6A69F700D586F6 /* AppDelegate.h */,
				E85F75E91E6A69F700D586F6 /* AppDelegate.m */,
				E85F75EB1E6A69F700D586F6 /* FontFamily(iOS所有字体).h */,
				E85F75EC1E6A69F700D586F6 /* FontFamily(iOS所有字体).m */,
				E85F75ED1E6A69F700D586F6 /* Macro.h */,
				E85F75EE1E6A69F700D586F6 /* Macro.m */,
				A2C0A1BD1E7A7A980038798A /* GlobalConstant.h */,
				A2C0A1BE1E7A7A980038798A /* GlobalConstant.m */,
				E85F773D1E7988B000D586F6 /* main.m */,
			);
			path = Other;
			sourceTree = "<group>";
		};
		E85F75FF1E6A96E500D586F6 /* AttributVC */ = {
			isa = PBXGroup;
			children = (
				E85F76001E6A96E500D586F6 /* AttributteStringVC.h */,
				E85F76011E6A96E500D586F6 /* AttributteStringVC.m */,
				E85F76021E6A96E500D586F6 /* LFAttributteNVC.h */,
				E85F76031E6A96E500D586F6 /* LFAttributteNVC.m */,
				E85F76041E6A96E500D586F6 /* ViewController.h */,
				E85F76051E6A96E500D586F6 /* ViewController.m */,
			);
			name = AttributVC;
			path = "AttributVC(富文本)";
			sourceTree = "<group>";
		};
		E85F77121E783BBB00D586F6 /* Category */ = {
			isa = PBXGroup;
			children = (
				E85F77131E783BCC00D586F6 /* NSCalendar+Init.h */,
				E85F77141E783BCC00D586F6 /* NSCalendar+Init.m */,
				E85F77151E783BCC00D586F6 /* NSDate+Interval.h */,
				E85F77161E783BCC00D586F6 /* NSDate+Interval.m */,
				E85F77171E783BCC00D586F6 /* NSObject+FileManager.h */,
				E85F77181E783BCC00D586F6 /* NSObject+FileManager.m */,
				E85F77191E783BCC00D586F6 /* UIBarButtonItem+Item.h */,
				E85F771A1E783BCC00D586F6 /* UIBarButtonItem+Item.m */,
				E85F771B1E783BCC00D586F6 /* UIImage+Antialias.h */,
				E85F771C1E783BCC00D586F6 /* UIImage+Antialias.m */,
				E85F771D1E783BCC00D586F6 /* UIImage+Image.h */,
				E85F771E1E783BCC00D586F6 /* UIImage+Image.m */,
				E85F771F1E783BCC00D586F6 /* UIImageView+Header.h */,
				E85F77201E783BCC00D586F6 /* UIImageView+Header.m */,
				E85F77211E783BCC00D586F6 /* UITextField+Placeholder.h */,
				E85F77221E783BCC00D586F6 /* UITextField+Placeholder.m */,
				E85F77231E783BCC00D586F6 /* UIView+Frame.h */,
				E85F77241E783BCC00D586F6 /* UIView+Frame.m */,
				E85F77251E783BCC00D586F6 /* UIView+Init.h */,
				E85F77261E783BCC00D586F6 /* UIView+Init.m */,
			);
			path = Category;
			sourceTree = "<group>";
		};
		E85F77311E7987B600D586F6 /* Supporting Files */ = {
			isa = PBXGroup;
			children = (
				E85F77331E79880E00D586F6 /* 图片 */,
				E85F77321E79880900D586F6 /* 启动图片 */,
			);
			name = "Supporting Files";
			sourceTree = "<group>";
		};
		E85F77321E79880900D586F6 /* 启动图片 */ = {
			isa = PBXGroup;
			children = (
			);
			path = "启动图片";
			sourceTree = "<group>";
		};
		E85F77331E79880E00D586F6 /* 图片 */ = {
			isa = PBXGroup;
			children = (
				E85F77341E79880E00D586F6 /* 120x120.png */,
				E85F77351E79880E00D586F6 /* bitch.jpeg */,
			);
			path = "图片";
			sourceTree = "<group>";
		};
/* End PBXGroup section */

/* Begin PBXNativeTarget section */
		E85F758D1E6128A000D586F6 /* LFAttribute */ = {
			isa = PBXNativeTarget;
			buildConfigurationList = E85F75A51E6128A000D586F6 /* Build configuration list for PBXNativeTarget "LFAttribute" */;
			buildPhases = (
				D85A58FD7CF6FCFC044CE490 /* [CP] Check Pods Manifest.lock */,
				E85F758A1E6128A000D586F6 /* Sources */,
				E85F758B1E6128A000D586F6 /* Frameworks */,
				E85F758C1E6128A000D586F6 /* Resources */,
				FA9C0BAC8DB8030A5B4795F5 /* [CP] Embed Pods Frameworks */,
				D4C97D847F9DB1B20537D003 /* [CP] Copy Pods Resources */,
			);
			buildRules = (
			);
			dependencies = (
			);
			name = LFAttribute;
			productName = "图文混排";
			productReference = E85F758E1E6128A000D586F6 /* LFAttribute.app */;
			productType = "com.apple.product-type.application";
		};
/* End PBXNativeTarget section */

/* Begin PBXProject section */
		E85F75861E6128A000D586F6 /* Project object */ = {
			isa = PBXProject;
			attributes = {
				CLASSPREFIX = LF;
				LastUpgradeCheck = 0820;
				ORGANIZATIONNAME = LuoFengcompany;
				TargetAttributes = {
					E85F758D1E6128A000D586F6 = {
						CreatedOnToolsVersion = 8.2.1;
						DevelopmentTeam = 8AQ22W6DS5;
						ProvisioningStyle = Automatic;
					};
				};
			};
			buildConfigurationList = E85F75891E6128A000D586F6 /* Build configuration list for PBXProject "LFAttribute" */;
			compatibilityVersion = "Xcode 3.2";
			developmentRegion = English;
			hasScannedForEncodings = 0;
			knownRegions = (
				en,
				Base,
			);
			mainGroup = E85F75851E6128A000D586F6;
			productRefGroup = E85F758F1E6128A000D586F6 /* Products */;
			projectDirPath = "";
			projectRoot = "";
			targets = (
				E85F758D1E6128A000D586F6 /* LFAttribute */,
			);
		};
/* End PBXProject section */

/* Begin PBXResourcesBuildPhase section */
		E85F758C1E6128A000D586F6 /* Resources */ = {
			isa = PBXResourcesBuildPhase;
			buildActionMask = 2147483647;
			files = (
				E85F77361E79880E00D586F6 /* 120x120.png in Resources */,
				E85F77371E79880E00D586F6 /* bitch.jpeg in Resources */,
				E85F773A1E79882C00D586F6 /* LaunchScreen.storyboard in Resources */,
				E85F759E1E6128A000D586F6 /* Assets.xcassets in Resources */,
				E85F773C1E79886600D586F6 /* Info.plist in Resources */,
			);
			runOnlyForDeploymentPostprocessing = 0;
		};
/* End PBXResourcesBuildPhase section */

/* Begin PBXShellScriptBuildPhase section */
		D4C97D847F9DB1B20537D003 /* [CP] Copy Pods Resources */ = {
			isa = PBXShellScriptBuildPhase;
			buildActionMask = 2147483647;
			files = (
			);
			inputPaths = (
			);
			name = "[CP] Copy Pods Resources";
			outputPaths = (
			);
			runOnlyForDeploymentPostprocessing = 0;
			shellPath = /bin/sh;
			shellScript = "\"${SRCROOT}/Pods/Target Support Files/Pods-LFAttribute/Pods-LFAttribute-resources.sh\"\n";
			showEnvVarsInLog = 0;
		};
		D85A58FD7CF6FCFC044CE490 /* [CP] Check Pods Manifest.lock */ = {
			isa = PBXShellScriptBuildPhase;
			buildActionMask = 2147483647;
			files = (
			);
			inputPaths = (
			);
			name = "[CP] Check Pods Manifest.lock";
			outputPaths = (
			);
			runOnlyForDeploymentPostprocessing = 0;
			shellPath = /bin/sh;
			shellScript = "diff \"${PODS_ROOT}/../Podfile.lock\" \"${PODS_ROOT}/Manifest.lock\" > /dev/null\nif [ $? != 0 ] ; then\n    # print error to STDERR\n    echo \"error: The sandbox is not in sync with the Podfile.lock. Run 'pod install' or update your CocoaPods installation.\" >&2\n    exit 1\nfi\n";
			showEnvVarsInLog = 0;
		};
		FA9C0BAC8DB8030A5B4795F5 /* [CP] Embed Pods Frameworks */ = {
			isa = PBXShellScriptBuildPhase;
			buildActionMask = 2147483647;
			files = (
			);
			inputPaths = (
			);
			name = "[CP] Embed Pods Frameworks";
			outputPaths = (
			);
			runOnlyForDeploymentPostprocessing = 0;
			shellPath = /bin/sh;
			shellScript = "\"${SRCROOT}/Pods/Target Support Files/Pods-LFAttribute/Pods-LFAttribute-frameworks.sh\"\n";
			showEnvVarsInLog = 0;
		};
/* End PBXShellScriptBuildPhase section */

/* Begin PBXSourcesBuildPhase section */
		E85F758A1E6128A000D586F6 /* Sources */ = {
			isa = PBXSourcesBuildPhase;
			buildActionMask = 2147483647;
			files = (
				E85F76B41E78146200D586F6 /* LFNavigationController.m in Sources */,
				E85F75FE1E6A702C00D586F6 /* LFTabBarViewController.m in Sources */,
				E85F76071E6A96E500D586F6 /* LFAttributteNVC.m in Sources */,
				E85F77271E783BCC00D586F6 /* NSCalendar+Init.m in Sources */,
				E85F772A1E783BCC00D586F6 /* UIBarButtonItem+Item.m in Sources */,
				A2C0A1B91E7A70010038798A /* LFTabTwoNC.m in Sources */,
				E85F76081E6A96E500D586F6 /* ViewController.m in Sources */,
				E85F77301E783BCC00D586F6 /* UIView+Init.m in Sources */,
				E85F77281E783BCC00D586F6 /* NSDate+Interval.m in Sources */,
				E85F772C1E783BCC00D586F6 /* UIImage+Image.m in Sources */,
				E85F773E1E7988B000D586F6 /* main.m in Sources */,
				A2C0A1BC1E7A70140038798A /* LFTabThreeNC.m in Sources */,
				E85F772F1E783BCC00D586F6 /* UIView+Frame.m in Sources */,
				E85F772B1E783BCC00D586F6 /* UIImage+Antialias.m in Sources */,
				E85F75F61E6A69F700D586F6 /* AppDelegate.m in Sources */,
				E85F77291E783BCC00D586F6 /* NSObject+FileManager.m in Sources */,
				E85F772E1E783BCC00D586F6 /* UITextField+Placeholder.m in Sources */,
				A2C0A1C21E7A7F630038798A /* LFTabOneCell.m in Sources */,
				E85F772D1E783BCC00D586F6 /* UIImageView+Header.m in Sources */,
				A2C0A1B01E7A6EA00038798A /* LFViewController1.m in Sources */,
				A2C0A1AA1E7A6E7B0038798A /* LFViewController2.m in Sources */,
				A2C0A1B61E7A6FED0038798A /* LFTabOneNC.m in Sources */,
				A2C0A1A31E7A6DFC0038798A /* LFBaseViewController.m in Sources */,
				A2C0A1BF1E7A7A980038798A /* GlobalConstant.m in Sources */,
				E85F76061E6A96E500D586F6 /* AttributteStringVC.m in Sources */,
			);
			runOnlyForDeploymentPostprocessing = 0;
		};
/* End PBXSourcesBuildPhase section */

/* Begin PBXVariantGroup section */
		E85F77381E79882C00D586F6 /* LaunchScreen.storyboard */ = {
			isa = PBXVariantGroup;
			children = (
				E85F77391E79882C00D586F6 /* Base */,
			);
			name = LaunchScreen.storyboard;
			sourceTree = "<group>";
		};
/* End PBXVariantGroup section */

/* Begin XCBuildConfiguration section */
		E85F75A31E6128A000D586F6 /* Debug */ = {
			isa = XCBuildConfiguration;
			buildSettings = {
				ALWAYS_SEARCH_USER_PATHS = NO;
				CLANG_ANALYZER_NONNULL = YES;
				CLANG_CXX_LANGUAGE_STANDARD = "gnu++0x";
				CLANG_CXX_LIBRARY = "libc++";
				CLANG_ENABLE_MODULES = YES;
				CLANG_ENABLE_OBJC_ARC = YES;
				CLANG_WARN_BOOL_CONVERSION = YES;
				CLANG_WARN_CONSTANT_CONVERSION = YES;
				CLANG_WARN_DIRECT_OBJC_ISA_USAGE = YES_ERROR;
				CLANG_WARN_DOCUMENTATION_COMMENTS = YES;
				CLANG_WARN_EMPTY_BODY = YES;
				CLANG_WARN_ENUM_CONVERSION = YES;
				CLANG_WARN_INFINITE_RECURSION = YES;
				CLANG_WARN_INT_CONVERSION = YES;
				CLANG_WARN_OBJC_ROOT_CLASS = YES_ERROR;
				CLANG_WARN_SUSPICIOUS_MOVE = YES;
				CLANG_WARN_UNREACHABLE_CODE = YES;
				CLANG_WARN__DUPLICATE_METHOD_MATCH = YES;
				"CODE_SIGN_IDENTITY[sdk=iphoneos*]" = "iPhone Developer";
				COPY_PHASE_STRIP = NO;
				DEBUG_INFORMATION_FORMAT = dwarf;
				ENABLE_STRICT_OBJC_MSGSEND = YES;
				ENABLE_TESTABILITY = YES;
				GCC_C_LANGUAGE_STANDARD = gnu99;
				GCC_DYNAMIC_NO_PIC = NO;
				GCC_NO_COMMON_BLOCKS = YES;
				GCC_OPTIMIZATION_LEVEL = 0;
				GCC_PREPROCESSOR_DEFINITIONS = (
					"DEBUG=1",
					"$(inherited)",
				);
				GCC_WARN_64_TO_32_BIT_CONVERSION = YES;
				GCC_WARN_ABOUT_RETURN_TYPE = YES_ERROR;
				GCC_WARN_UNDECLARED_SELECTOR = YES;
				GCC_WARN_UNINITIALIZED_AUTOS = YES_AGGRESSIVE;
				GCC_WARN_UNUSED_FUNCTION = YES;
				GCC_WARN_UNUSED_VARIABLE = YES;
				IPHONEOS_DEPLOYMENT_TARGET = 10.2;
				MTL_ENABLE_DEBUG_INFO = YES;
				ONLY_ACTIVE_ARCH = YES;
				SDKROOT = iphoneos;
			};
			name = Debug;
		};
		E85F75A41E6128A000D586F6 /* Release */ = {
			isa = XCBuildConfiguration;
			buildSettings = {
				ALWAYS_SEARCH_USER_PATHS = NO;
				CLANG_ANALYZER_NONNULL = YES;
				CLANG_CXX_LANGUAGE_STANDARD = "gnu++0x";
				CLANG_CXX_LIBRARY = "libc++";
				CLANG_ENABLE_MODULES = YES;
				CLANG_ENABLE_OBJC_ARC = YES;
				CLANG_WARN_BOOL_CONVERSION = YES;
				CLANG_WARN_CONSTANT_CONVERSION = YES;
				CLANG_WARN_DIRECT_OBJC_ISA_USAGE = YES_ERROR;
				CLANG_WARN_DOCUMENTATION_COMMENTS = YES;
				CLANG_WARN_EMPTY_BODY = YES;
				CLANG_WARN_ENUM_CONVERSION = YES;
				CLANG_WARN_INFINITE_RECURSION = YES;
				CLANG_WARN_INT_CONVERSION = YES;
				CLANG_WARN_OBJC_ROOT_CLASS = YES_ERROR;
				CLANG_WARN_SUSPICIOUS_MOVE = YES;
				CLANG_WARN_UNREACHABLE_CODE = YES;
				CLANG_WARN__DUPLICATE_METHOD_MATCH = YES;
				"CODE_SIGN_IDENTITY[sdk=iphoneos*]" = "iPhone Developer";
				COPY_PHASE_STRIP = NO;
				DEBUG_INFORMATION_FORMAT = "dwarf-with-dsym";
				ENABLE_NS_ASSERTIONS = NO;
				ENABLE_STRICT_OBJC_MSGSEND = YES;
				GCC_C_LANGUAGE_STANDARD = gnu99;
				GCC_NO_COMMON_BLOCKS = YES;
				GCC_WARN_64_TO_32_BIT_CONVERSION = YES;
				GCC_WARN_ABOUT_RETURN_TYPE = YES_ERROR;
				GCC_WARN_UNDECLARED_SELECTOR = YES;
				GCC_WARN_UNINITIALIZED_AUTOS = YES_AGGRESSIVE;
				GCC_WARN_UNUSED_FUNCTION = YES;
				GCC_WARN_UNUSED_VARIABLE = YES;
				IPHONEOS_DEPLOYMENT_TARGET = 10.2;
				MTL_ENABLE_DEBUG_INFO = NO;
				SDKROOT = iphoneos;
				VALIDATE_PRODUCT = YES;
			};
			name = Release;
		};
		E85F75A61E6128A000D586F6 /* Debug */ = {
			isa = XCBuildConfiguration;
			baseConfigurationReference = 57C3300E0DDD2D724899F34B /* Pods-LFAttribute.debug.xcconfig */;
			buildSettings = {
				ASSETCATALOG_COMPILER_APPICON_NAME = AppIcon;
				DEVELOPMENT_TEAM = 8AQ22W6DS5;
				GCC_PREFIX_HEADER = LFAttribute/PrefixHeader.pch;
				INFOPLIST_FILE = LFAttribute/Info.plist;
				IPHONEOS_DEPLOYMENT_TARGET = 8.0;
				LD_RUNPATH_SEARCH_PATHS = "$(inherited) @executable_path/Frameworks";
				PRODUCT_BUNDLE_IDENTIFIER = com.luofeng.attribute;
				PRODUCT_NAME = "$(TARGET_NAME)";
			};
			name = Debug;
		};
		E85F75A71E6128A000D586F6 /* Release */ = {
			isa = XCBuildConfiguration;
			baseConfigurationReference = A3446F361A76E2DD16305C7D /* Pods-LFAttribute.release.xcconfig */;
			buildSettings = {
				ASSETCATALOG_COMPILER_APPICON_NAME = AppIcon;
				DEVELOPMENT_TEAM = 8AQ22W6DS5;
				GCC_PREFIX_HEADER = LFAttribute/PrefixHeader.pch;
				INFOPLIST_FILE = LFAttribute/Info.plist;
				IPHONEOS_DEPLOYMENT_TARGET = 8.0;
				LD_RUNPATH_SEARCH_PATHS = "$(inherited) @executable_path/Frameworks";
				PRODUCT_BUNDLE_IDENTIFIER = com.luofeng.attribute;
				PRODUCT_NAME = "$(TARGET_NAME)";
			};
			name = Release;
		};
/* End XCBuildConfiguration section */

/* Begin XCConfigurationList section */
		E85F75891E6128A000D586F6 /* Build configuration list for PBXProject "LFAttribute" */ = {
			isa = XCConfigurationList;
			buildConfigurations = (
				E85F75A31E6128A000D586F6 /* Debug */,
				E85F75A41E6128A000D586F6 /* Release */,
			);
			defaultConfigurationIsVisible = 0;
			defaultConfigurationName = Release;
		};
		E85F75A51E6128A000D586F6 /* Build configuration list for PBXNativeTarget "LFAttribute" */ = {
			isa = XCConfigurationList;
			buildConfigurations = (
				E85F75A61E6128A000D586F6 /* Debug */,
				E85F75A71E6128A000D586F6 /* Release */,
			);
			defaultConfigurationIsVisible = 0;
			defaultConfigurationName = Release;
		};
/* End XCConfigurationList section */
	};
	rootObject = E85F75861E6128A000D586F6 /* Project object */;
}
